
Microsoft Visual Studio Solution File, Format Version 12.00
# Visual Studio Version 16
VisualStudioVersion = 16.0.31911.196
MinimumVisualStudioVersion = 10.0.40219.1
Project("{FAE04EC0-301F-11D3-BF4B-00C04F79EFBC}") = "FPTAppDev", "FPTAppDev.csproj", "{B87E9596-4DB6-4F4E-8EC3-690FC4BDF0DD}"
EndProject
Global
	GlobalSection(SolutionConfigurationPlatforms) = preSolution
		Debug|Any CPU = Debug|Any CPU
		Release|Any CPU = Release|Any CPU
	EndGlobalSection
	GlobalSection(ProjectConfigurationPlatforms) = postSolution
		{B87E9596-4DB6-4F4E-8EC3-690FC4BDF0DD}.Debug|Any CPU.ActiveCfg = Debug|Any CPU
		{B87E9596-4DB6-4F4E-8EC3-690FC4BDF0DD}.Debug|Any CPU.Build.0 = Debug|Any CPU
		{B87E9596-4DB6-4F4E-8EC3-690FC4BDF0DD}.Release|Any CPU.ActiveCfg = Release|Any CPU
		{B87E9596-4DB6-4F4E-8EC3-690FC4BDF0DD}.Release|Any CPU.Build.0 = Release|Any CPU
	EndGlobalSection
	GlobalSection(SolutionProperties) = preSolution
		HideSolutionNode = FALSE
	EndGlobalSection
	GlobalSection(ExtensibilityGlobals) = postSolution
		SolutionGuid = {90356920-0616-493E-8295-35D8AB576269}
	EndGlobalSection
EndGlobal
